// !$*UTF8*$!
{
	archiveVersion = 1;
	classes = {
	};
	objectVersion = 77;
	objects = {

/* Begin PBXContainerItemProxy section */
		EB809C352E6DE86900294052 /* PBXContainerItemProxy */ = {
			isa = PBXContainerItemProxy;
			containerPortal = EB809C1A2E6DE86800294052 /* Project object */;
			proxyType = 1;
			remoteGlobalIDString = EB809C212E6DE86800294052;
			remoteInfo = ConwayGameCodex;
		};
		EB809C3F2E6DE86900294052 /* PBXContainerItemProxy */ = {
			isa = PBXContainerItemProxy;
			containerPortal = EB809C1A2E6DE86800294052 /* Project object */;
			proxyType = 1;
			remoteGlobalIDString = EB809C212E6DE86800294052;
			remoteInfo = ConwayGameCodex;
		};
/* End PBXContainerItemProxy section */

/* Begin PBXFileReference section */
		EB809C222E6DE86800294052 /* ConwayGameCodex.app */ = {isa = PBXFileReference; explicitFileType = wrapper.application; includeInIndex = 0; path = ConwayGameCodex.app; sourceTree = BUILT_PRODUCTS_DIR; };
		EB809C342E6DE86900294052 /* ConwayGameCodexTests.xctest */ = {isa = PBXFileReference; explicitFileType = wrapper.cfbundle; includeInIndex = 0; path = ConwayGameCodexTests.xctest; sourceTree = BUILT_PRODUCTS_DIR; };
		EB809C3E2E6DE86900294052 /* ConwayGameCodexUITests.xctest */ = {isa = PBXFileReference; explicitFileType = wrapper.cfbundle; includeInIndex = 0; path = ConwayGameCodexUITests.xctest; sourceTree = BUILT_PRODUCTS_DIR; };
/* End PBXFileReference section */

/* Begin PBXFileSystemSynchronizedRootGroup section */
		EB809C242E6DE86800294052 /* ConwayGameCodex */ = {
			isa = PBXFileSystemSynchronizedRootGroup;
			path = ConwayGameCodex;
			sourceTree = "<group>";
		};
		EB809C372E6DE86900294052 /* ConwayGameCodexTests */ = {
			isa = PBXFileSystemSynchronizedRootGroup;
			path = ConwayGameCodexTests;
			sourceTree = "<group>";
		};
		EB809C412E6DE86900294052 /* ConwayGameCodexUITests */ = {
			isa = PBXFileSystemSynchronizedRootGroup;
			path = ConwayGameCodexUITests;
			sourceTree = "<group>";
		};
/* End PBXFileSystemSynchronizedRootGroup section */

/* Begin PBXFrameworksBuildPhase section */
		EB809C1F2E6DE86800294052 /* Frameworks */ = {
			isa = PBXFrameworksBuildPhase;
			buildActionMask = 2147483647;
			files = (
			);
			runOnlyForDeploymentPostprocessing = 0;
		};
		EB809C312E6DE86900294052 /* Frameworks */ = {
			isa = PBXFrameworksBuildPhase;
			buildActionMask = 2147483647;
			files = (
			);
			runOnlyForDeploymentPostprocessing = 0;
		};
		EB809C3B2E6DE86900294052 /* Frameworks */ = {
			isa = PBXFrameworksBuildPhase;
			buildActionMask = 2147483647;
			files = (
			);
			runOnlyForDeploymentPostprocessing = 0;
		};
/* End PBXFrameworksBuildPhase section */

/* Begin PBXGroup section */
		EB809C192E6DE86800294052 = {
			isa = PBXGroup;
			children = (
				EB809C242E6DE86800294052 /* ConwayGameCodex */,
				EB809C372E6DE86900294052 /* ConwayGameCodexTests */,
				EB809C412E6DE86900294052 /* ConwayGameCodexUITests */,
				EB809C232E6DE86800294052 /* Products */,
			);
			sourceTree = "<group>";
		};
		EB809C232E6DE86800294052 /* Products */ = {
			isa = PBXGroup;
			children = (
				EB809C222E6DE86800294052 /* ConwayGameCodex.app */,
				EB809C342E6DE86900294052 /* ConwayGameCodexTests.xctest */,
				EB809C3E2E6DE86900294052 /* ConwayGameCodexUITests.xctest */,
			);
			name = Products;
			sourceTree = "<group>";
		};
/* End PBXGroup section */

/* Begin PBXNativeTarget section */
		EB809C212E6DE86800294052 /* ConwayGameCodex */ = {
			isa = PBXNativeTarget;
			buildConfigurationList = EB809C482E6DE86900294052 /* Build configuration list for PBXNativeTarget "ConwayGameCodex" */;
			buildPhases = (
				EB809C1E2E6DE86800294052 /* Sources */,
				EB809C1F2E6DE86800294052 /* Frameworks */,
				EB809C202E6DE86800294052 /* Resources */,
			);
			buildRules = (
			);
			dependencies = (
			);
			fileSystemSynchronizedGroups = (
				EB809C242E6DE86800294052 /* ConwayGameCodex */,
			);
			name = ConwayGameCodex;
			packageProductDependencies = (
			);
			productName = ConwayGameCodex;
			productReference = EB809C222E6DE86800294052 /* ConwayGameCodex.app */;
			productType = "com.apple.product-type.application";
		};
		EB809C332E6DE86900294052 /* ConwayGameCodexTests */ = {
			isa = PBXNativeTarget;
			buildConfigurationList = EB809C4B2E6DE86900294052 /* Build configuration list for PBXNativeTarget "ConwayGameCodexTests" */;
			buildPhases = (
				EB809C302E6DE86900294052 /* Sources */,
				EB809C312E6DE86900294052 /* Frameworks */,
				EB809C322E6DE86900294052 /* Resources */,
			);
			buildRules = (
			);
			dependencies = (
				EB809C362E6DE86900294052 /* PBXTargetDependency */,
			);
			fileSystemSynchronizedGroups = (
				EB809C372E6DE86900294052 /* ConwayGameCodexTests */,
			);
			name = ConwayGameCodexTests;
			packageProductDependencies = (
			);
			productName = ConwayGameCodexTests;
			productReference = EB809C342E6DE86900294052 /* ConwayGameCodexTests.xctest */;
			productType = "com.apple.product-type.bundle.unit-test";
		};
		EB809C3D2E6DE86900294052 /* ConwayGameCodexUITests */ = {
			isa = PBXNativeTarget;
			buildConfigurationList = EB809C4E2E6DE86900294052 /* Build configuration list for PBXNativeTarget "ConwayGameCodexUITests" */;
			buildPhases = (
				EB809C3A2E6DE86900294052 /* Sources */,
				EB809C3B2E6DE86900294052 /* Frameworks */,
				EB809C3C2E6DE86900294052 /* Resources */,
			);
			buildRules = (
			);
			dependencies = (
				EB809C402E6DE86900294052 /* PBXTargetDependency */,
			);
			fileSystemSynchronizedGroups = (
				EB809C412E6DE86900294052 /* ConwayGameCodexUITests */,
			);
			name = ConwayGameCodexUITests;
			packageProductDependencies = (
			);
			productName = ConwayGameCodexUITests;
			productReference = EB809C3E2E6DE86900294052 /* ConwayGameCodexUITests.xctest */;
			productType = "com.apple.product-type.bundle.ui-testing";
		};
/* End PBXNativeTarget section */

/* Begin PBXProject section */
		EB809C1A2E6DE86800294052 /* Project object */ = {
			isa = PBXProject;
			attributes = {
				BuildIndependentTargetsInParallel = 1;
				LastSwiftUpdateCheck = 1640;
				LastUpgradeCheck = 1640;
				TargetAttributes = {
					EB809C212E6DE86800294052 = {
						CreatedOnToolsVersion = 16.4;
					};
					EB809C332E6DE86900294052 = {
						CreatedOnToolsVersion = 16.4;
						TestTargetID = EB809C212E6DE86800294052;
					};
					EB809C3D2E6DE86900294052 = {
						CreatedOnToolsVersion = 16.4;
						TestTargetID = EB809C212E6DE86800294052;
					};
				};
			};
			buildConfigurationList = EB809C1D2E6DE86800294052 /* Build configuration list for PBXProject "ConwayGameCodex" */;
			developmentRegion = en;
			hasScannedForEncodings = 0;
			knownRegions = (
				en,
				Base,
			);
			mainGroup = EB809C192E6DE86800294052;
			minimizedProjectReferenceProxies = 1;
			preferredProjectObjectVersion = 77;
			productRefGroup = EB809C232E6DE86800294052 /* Products */;
			projectDirPath = "";
			projectRoot = "";
			targets = (
				EB809C212E6DE86800294052 /* ConwayGameCodex */,
				EB809C332E6DE86900294052 /* ConwayGameCodexTests */,
				EB809C3D2E6DE86900294052 /* ConwayGameCodexUITests */,
			);
		};
/* End PBXProject section */

/* Begin PBXResourcesBuildPhase section */
		EB809C202E6DE86800294052 /* Resources */ = {
			isa = PBXResourcesBuildPhase;
			buildActionMask = 2147483647;
			files = (
			);
			runOnlyForDeploymentPostprocessing = 0;
		};
		EB809C322E6DE86900294052 /* Resources */ = {
			isa = PBXResourcesBuildPhase;
			buildActionMask = 2147483647;
			files = (
			);
			runOnlyForDeploymentPostprocessing = 0;
		};
		EB809C3C2E6DE86900294052 /* Resources */ = {
			isa = PBXResourcesBuildPhase;
			buildActionMask = 2147483647;
			files = (
			);
			runOnlyForDeploymentPostprocessing = 0;
		};
/* End PBXResourcesBuildPhase section */

/* Begin PBXSourcesBuildPhase section */
		EB809C1E2E6DE86800294052 /* Sources */ = {
			isa = PBXSourcesBuildPhase;
			buildActionMask = 2147483647;
			files = (
			);
			runOnlyForDeploymentPostprocessing = 0;
		};
		EB809C302E6DE86900294052 /* Sources */ = {
			isa = PBXSourcesBuildPhase;
			buildActionMask = 2147483647;
			files = (
			);
			runOnlyForDeploymentPostprocessing = 0;
		};
		EB809C3A2E6DE86900294052 /* Sources */ = {
			isa = PBXSourcesBuildPhase;
			buildActionMask = 2147483647;
			files = (
			);
			runOnlyForDeploymentPostprocessing = 0;
		};
/* End PBXSourcesBuildPhase section */

/* Begin PBXTargetDependency section */
		EB809C362E6DE86900294052 /* PBXTargetDependency */ = {
			isa = PBXTargetDependency;
			target = EB809C212E6DE86800294052 /* ConwayGameCodex */;
			targetProxy = EB809C352E6DE86900294052 /* PBXContainerItemProxy */;
		};
		EB809C402E6DE86900294052 /* PBXTargetDependency */ = {
			isa = PBXTargetDependency;
			target = EB809C212E6DE86800294052 /* ConwayGameCodex */;
			targetProxy = EB809C3F2E6DE86900294052 /* PBXContainerItemProxy */;
		};
/* End PBXTargetDependency section */

/* Begin XCBuildConfiguration section */
		EB809C462E6DE86900294052 /* Debug */ = {
			isa = XCBuildConfiguration;
			buildSettings = {
				ALWAYS_SEARCH_USER_PATHS = NO;
				ASSETCATALOG_COMPILER_GENERATE_SWIFT_ASSET_SYMBOL_EXTENSIONS = YES;
				CLANG_ANALYZER_NONNULL = YES;
				CLANG_ANALYZER_NUMBER_OBJECT_CONVERSION = YES_AGGRESSIVE;
				CLANG_CXX_LANGUAGE_STANDARD = "gnu++20";
				CLANG_ENABLE_MODULES = YES;
				CLANG_ENABLE_OBJC_ARC = YES;
				CLANG_ENABLE_OBJC_WEAK = YES;
				CLANG_WARN_BLOCK_CAPTURE_AUTORELEASING = YES;
				CLANG_WARN_BOOL_CONVERSION = YES;
				CLANG_WARN_COMMA = YES;
				CLANG_WARN_CONSTANT_CONVERSION = YES;
				CLANG_WARN_DEPRECATED_OBJC_IMPLEMENTATIONS = YES;
				CLANG_WARN_DIRECT_OBJC_ISA_USAGE = YES_ERROR;
				CLANG_WARN_DOCUMENTATION_COMMENTS = YES;
				CLANG_WARN_EMPTY_BODY = YES;
				CLANG_WARN_ENUM_CONVERSION = YES;
				CLANG_WARN_INFINITE_RECURSION = YES;
				CLANG_WARN_INT_CONVERSION = YES;
				CLANG_WARN_NON_LITERAL_NULL_CONVERSION = YES;
				CLANG_WARN_OBJC_IMPLICIT_RETAIN_SELF = YES;
				CLANG_WARN_OBJC_LITERAL_CONVERSION = YES;
				CLANG_WARN_OBJC_ROOT_CLASS = YES_ERROR;
				CLANG_WARN_QUOTED_INCLUDE_IN_FRAMEWORK_HEADER = YES;
				CLANG_WARN_RANGE_LOOP_ANALYSIS = YES;
				CLANG_WARN_STRICT_PROTOTYPES = YES;
				CLANG_WARN_SUSPICIOUS_MOVE = YES;
				CLANG_WARN_UNGUARDED_AVAILABILITY = YES_AGGRESSIVE;
				CLANG_WARN_UNREACHABLE_CODE = YES;
				CLANG_WARN__DUPLICATE_METHOD_MATCH = YES;
				COPY_PHASE_STRIP = NO;
				DEBUG_INFORMATION_FORMAT = dwarf;
				DEVELOPMENT_TEAM = H5CA9ER6D3;
				ENABLE_STRICT_OBJC_MSGSEND = YES;
				ENABLE_TESTABILITY = YES;
				ENABLE_USER_SCRIPT_SANDBOXING = YES;
				GCC_C_LANGUAGE_STANDARD = gnu17;
				GCC_DYNAMIC_NO_PIC = NO;
				GCC_NO_COMMON_BLOCKS = YES;
				GCC_OPTIMIZATION_LEVEL = 0;
				GCC_PREPROCESSOR_DEFINITIONS = (
					"DEBUG=1",
					"$(inherited)",
				);
				GCC_WARN_64_TO_32_BIT_CONVERSION = YES;
				GCC_WARN_ABOUT_RETURN_TYPE = YES_ERROR;
				GCC_WARN_UNDECLARED_SELECTOR = YES;
				GCC_WARN_UNINITIALIZED_AUTOS = YES_AGGRESSIVE;
				GCC_WARN_UNUSED_FUNCTION = YES;
				GCC_WARN_UNUSED_VARIABLE = YES;
				IPHONEOS_DEPLOYMENT_TARGET = 18.5;
				LOCALIZATION_PREFERS_STRING_CATALOGS = YES;
				MTL_ENABLE_DEBUG_INFO = INCLUDE_SOURCE;
				MTL_FAST_MATH = YES;
				ONLY_ACTIVE_ARCH = YES;
				SDKROOT = iphoneos;
				SWIFT_ACTIVE_COMPILATION_CONDITIONS = "DEBUG $(inherited)";
				SWIFT_OPTIMIZATION_LEVEL = "-Onone";
			};
			name = Debug;
		};
		EB809C472E6DE86900294052 /* Release */ = {
			isa = XCBuildConfiguration;
			buildSettings = {
				ALWAYS_SEARCH_USER_PATHS = NO;
				ASSETCATALOG_COMPILER_GENERATE_SWIFT_ASSET_SYMBOL_EXTENSIONS = YES;
				CLANG_ANALYZER_NONNULL = YES;
				CLANG_ANALYZER_NUMBER_OBJECT_CONVERSION = YES_AGGRESSIVE;
				CLANG_CXX_LANGUAGE_STANDARD = "gnu++20";
				CLANG_ENABLE_MODULES = YES;
				CLANG_ENABLE_OBJC_ARC = YES;
				CLANG_ENABLE_OBJC_WEAK = YES;
				CLANG_WARN_BLOCK_CAPTURE_AUTORELEASING = YES;
				CLANG_WARN_BOOL_CONVERSION = YES;
				CLANG_WARN_COMMA = YES;
				CLANG_WARN_CONSTANT_CONVERSION = YES;
				CLANG_WARN_DEPRECATED_OBJC_IMPLEMENTATIONS = YES;
				CLANG_WARN_DIRECT_OBJC_ISA_USAGE = YES_ERROR;
				CLANG_WARN_DOCUMENTATION_COMMENTS = YES;
				CLANG_WARN_EMPTY_BODY = YES;
				CLANG_WARN_ENUM_CONVERSION = YES;
				CLANG_WARN_INFINITE_RECURSION = YES;
				CLANG_WARN_INT_CONVERSION = YES;
				CLANG_WARN_NON_LITERAL_NULL_CONVERSION = YES;
				CLANG_WARN_OBJC_IMPLICIT_RETAIN_SELF = YES;
				CLANG_WARN_OBJC_LITERAL_CONVERSION = YES;
				CLANG_WARN_OBJC_ROOT_CLASS = YES_ERROR;
				CLANG_WARN_QUOTED_INCLUDE_IN_FRAMEWORK_HEADER = YES;
				CLANG_WARN_RANGE_LOOP_ANALYSIS = YES;
				CLANG_WARN_STRICT_PROTOTYPES = YES;
				CLANG_WARN_SUSPICIOUS_MOVE = YES;
				CLANG_WARN_UNGUARDED_AVAILABILITY = YES_AGGRESSIVE;
				CLANG_WARN_UNREACHABLE_CODE = YES;
				CLANG_WARN__DUPLICATE_METHOD_MATCH = YES;
				COPY_PHASE_STRIP = NO;
				DEBUG_INFORMATION_FORMAT = "dwarf-with-dsym";
				DEVELOPMENT_TEAM = H5CA9ER6D3;
				ENABLE_NS_ASSERTIONS = NO;
				ENABLE_STRICT_OBJC_MSGSEND = YES;
				ENABLE_USER_SCRIPT_SANDBOXING = YES;
				GCC_C_LANGUAGE_STANDARD = gnu17;
				GCC_NO_COMMON_BLOCKS = YES;
				GCC_WARN_64_TO_32_BIT_CONVERSION = YES;
				GCC_WARN_ABOUT_RETURN_TYPE = YES_ERROR;
				GCC_WARN_UNDECLARED_SELECTOR = YES;
				GCC_WARN_UNINITIALIZED_AUTOS = YES_AGGRESSIVE;
				GCC_WARN_UNUSED_FUNCTION = YES;
				GCC_WARN_UNUSED_VARIABLE = YES;
				IPHONEOS_DEPLOYMENT_TARGET = 18.5;
				LOCALIZATION_PREFERS_STRING_CATALOGS = YES;
				MTL_ENABLE_DEBUG_INFO = NO;
				MTL_FAST_MATH = YES;
				SDKROOT = iphoneos;
				SWIFT_COMPILATION_MODE = wholemodule;
				VALIDATE_PRODUCT = YES;
			};
			name = Release;
		};
		EB809C492E6DE86900294052 /* Debug */ = {
			isa = XCBuildConfiguration;
			buildSettings = {
				ASSETCATALOG_COMPILER_APPICON_NAME = AppIcon;
				ASSETCATALOG_COMPILER_GLOBAL_ACCENT_COLOR_NAME = AccentColor;
				CODE_SIGN_STYLE = Automatic;
				CURRENT_PROJECT_VERSION = 1;
				DEVELOPMENT_TEAM = H5CA9ER6D3;
				ENABLE_PREVIEWS = YES;
				GENERATE_INFOPLIST_FILE = YES;
				INFOPLIST_KEY_UIApplicationSceneManifest_Generation = YES;
				INFOPLIST_KEY_UIApplicationSupportsIndirectInputEvents = YES;
				INFOPLIST_KEY_UILaunchScreen_Generation = YES;
				INFOPLIST_KEY_UISupportedInterfaceOrientations_iPad = "UIInterfaceOrientationPortrait UIInterfaceOrientationPortraitUpsideDown UIInterfaceOrientationLandscapeLeft UIInterfaceOrientationLandscapeRight";
				INFOPLIST_KEY_UISupportedInterfaceOrientations_iPhone = "UIInterfaceOrientationPortrait UIInterfaceOrientationLandscapeLeft UIInterfaceOrientationLandscapeRight";
				LD_RUNPATH_SEARCH_PATHS = (
					"$(inherited)",
					"@executable_path/Frameworks",
				);
				MARKETING_VERSION = 1.0;
				PRODUCT_BUNDLE_IDENTIFIER = com.nearsure.ConwayGameCodex;
				PRODUCT_NAME = "$(TARGET_NAME)";
				SWIFT_EMIT_LOC_STRINGS = YES;
				SWIFT_VERSION = 5.9;
				TARGETED_DEVICE_FAMILY = "1,2";
			};
			name = Debug;
		};
		EB809C4A2E6DE86900294052 /* Release */ = {
			isa = XCBuildConfiguration;
			buildSettings = {
				ASSETCATALOG_COMPILER_APPICON_NAME = AppIcon;
				ASSETCATALOG_COMPILER_GLOBAL_ACCENT_COLOR_NAME = AccentColor;
				CODE_SIGN_STYLE = Automatic;
				CURRENT_PROJECT_VERSION = 1;
				DEVELOPMENT_TEAM = H5CA9ER6D3;
				ENABLE_PREVIEWS = YES;
				GENERATE_INFOPLIST_FILE = YES;
				INFOPLIST_KEY_UIApplicationSceneManifest_Generation = YES;
				INFOPLIST_KEY_UIApplicationSupportsIndirectInputEvents = YES;
				INFOPLIST_KEY_UILaunchScreen_Generation = YES;
				INFOPLIST_KEY_UISupportedInterfaceOrientations_iPad = "UIInterfaceOrientationPortrait UIInterfaceOrientationPortraitUpsideDown UIInterfaceOrientationLandscapeLeft UIInterfaceOrientationLandscapeRight";
				INFOPLIST_KEY_UISupportedInterfaceOrientations_iPhone = "UIInterfaceOrientationPortrait UIInterfaceOrientationLandscapeLeft UIInterfaceOrientationLandscapeRight";
				LD_RUNPATH_SEARCH_PATHS = (
					"$(inherited)",
					"@executable_path/Frameworks",
				);
				MARKETING_VERSION = 1.0;
				PRODUCT_BUNDLE_IDENTIFIER = com.nearsure.ConwayGameCodex;
				PRODUCT_NAME = "$(TARGET_NAME)";
				SWIFT_EMIT_LOC_STRINGS = YES;
				SWIFT_VERSION = 5.9;
				TARGETED_DEVICE_FAMILY = "1,2";
			};
			name = Release;
		};
		EB809C4C2E6DE86900294052 /* Debug */ = {
			isa = XCBuildConfiguration;
			buildSettings = {
				BUNDLE_LOADER = "$(TEST_HOST)";
				CODE_SIGN_STYLE = Automatic;
				CURRENT_PROJECT_VERSION = 1;
				DEVELOPMENT_TEAM = H5CA9ER6D3;
				GENERATE_INFOPLIST_FILE = YES;
				IPHONEOS_DEPLOYMENT_TARGET = 18.5;
				MARKETING_VERSION = 1.0;
				PRODUCT_BUNDLE_IDENTIFIER = com.nearsure.ConwayGameCodexTests;
				PRODUCT_NAME = "$(TARGET_NAME)";
				SWIFT_EMIT_LOC_STRINGS = NO;
				SWIFT_VERSION = 5.9;
				TARGETED_DEVICE_FAMILY = "1,2";
				TEST_HOST = "$(BUILT_PRODUCTS_DIR)/ConwayGameCodex.app/$(BUNDLE_EXECUTABLE_FOLDER_PATH)/ConwayGameCodex";
			};
			name = Debug;
		};
		EB809C4D2E6DE86900294052 /* Release */ = {
			isa = XCBuildConfiguration;
			buildSettings = {
				BUNDLE_LOADER = "$(TEST_HOST)";
				CODE_SIGN_STYLE = Automatic;
				CURRENT_PROJECT_VERSION = 1;
				DEVELOPMENT_TEAM = H5CA9ER6D3;
				GENERATE_INFOPLIST_FILE = YES;
				IPHONEOS_DEPLOYMENT_TARGET = 18.5;
				MARKETING_VERSION = 1.0;
				PRODUCT_BUNDLE_IDENTIFIER = com.nearsure.ConwayGameCodexTests;
				PRODUCT_NAME = "$(TARGET_NAME)";
				SWIFT_EMIT_LOC_STRINGS = NO;
				SWIFT_VERSION = 5.9;
				TARGETED_DEVICE_FAMILY = "1,2";
				TEST_HOST = "$(BUILT_PRODUCTS_DIR)/ConwayGameCodex.app/$(BUNDLE_EXECUTABLE_FOLDER_PATH)/ConwayGameCodex";
			};
			name = Release;
		};
		EB809C4F2E6DE86900294052 /* Debug */ = {
			isa = XCBuildConfiguration;
			buildSettings = {
				CODE_SIGN_STYLE = Automatic;
				CURRENT_PROJECT_VERSION = 1;
				DEVELOPMENT_TEAM = H5CA9ER6D3;
				GENERATE_INFOPLIST_FILE = YES;
				MARKETING_VERSION = 1.0;
				PRODUCT_BUNDLE_IDENTIFIER = com.nearsure.ConwayGameCodexUITests;
				PRODUCT_NAME = "$(TARGET_NAME)";
				SWIFT_EMIT_LOC_STRINGS = NO;
				SWIFT_VERSION = 5.9;
				TARGETED_DEVICE_FAMILY = "1,2";
				TEST_TARGET_NAME = ConwayGameCodex;
			};
			name = Debug;
		};
		EB809C502E6DE86900294052 /* Release */ = {
			isa = XCBuildConfiguration;
			buildSettings = {
				CODE_SIGN_STYLE = Automatic;
				CURRENT_PROJECT_VERSION = 1;
				DEVELOPMENT_TEAM = H5CA9ER6D3;
				GENERATE_INFOPLIST_FILE = YES;
				MARKETING_VERSION = 1.0;
				PRODUCT_BUNDLE_IDENTIFIER = com.nearsure.ConwayGameCodexUITests;
				PRODUCT_NAME = "$(TARGET_NAME)";
				SWIFT_EMIT_LOC_STRINGS = NO;
				SWIFT_VERSION = 5.9;
				TARGETED_DEVICE_FAMILY = "1,2";
				TEST_TARGET_NAME = ConwayGameCodex;
			};
			name = Release;
		};
/* End XCBuildConfiguration section */

/* Begin XCConfigurationList section */
		EB809C1D2E6DE86800294052 /* Build configuration list for PBXProject "ConwayGameCodex" */ = {
			isa = XCConfigurationList;
			buildConfigurations = (
				EB809C462E6DE86900294052 /* Debug */,
				EB809C472E6DE86900294052 /* Release */,
			);
			defaultConfigurationIsVisible = 0;
			defaultConfigurationName = Release;
		};
		EB809C482E6DE86900294052 /* Build configuration list for PBXNativeTarget "ConwayGameCodex" */ = {
			isa = XCConfigurationList;
			buildConfigurations = (
				EB809C492E6DE86900294052 /* Debug */,
				EB809C4A2E6DE86900294052 /* Release */,
			);
			defaultConfigurationIsVisible = 0;
			defaultConfigurationName = Release;
		};
		EB809C4B2E6DE86900294052 /* Build configuration list for PBXNativeTarget "ConwayGameCodexTests" */ = {
			isa = XCConfigurationList;
			buildConfigurations = (
				EB809C4C2E6DE86900294052 /* Debug */,
				EB809C4D2E6DE86900294052 /* Release */,
			);
			defaultConfigurationIsVisible = 0;
			defaultConfigurationName = Release;
		};
		EB809C4E2E6DE86900294052 /* Build configuration list for PBXNativeTarget "ConwayGameCodexUITests" */ = {
			isa = XCConfigurationList;
			buildConfigurations = (
				EB809C4F2E6DE86900294052 /* Debug */,
				EB809C502E6DE86900294052 /* Release */,
			);
			defaultConfigurationIsVisible = 0;
			defaultConfigurationName = Release;
		};
/* End XCConfigurationList section */
	};
	rootObject = EB809C1A2E6DE86800294052 /* Project object */;
}
